// !$*UTF8*$!
{
	archiveVersion = 1;
	classes = {
	};
	objectVersion = 55;
	objects = {

/* Begin PBXBuildFile section */
		310427B3281459DD00879B9C /* AppDelegate.swift in Sources */ = {isa = PBXBuildFile; fileRef = 310427B2281459DD00879B9C /* AppDelegate.swift */; };
		310427B5281459DD00879B9C /* SceneDelegate.swift in Sources */ = {isa = PBXBuildFile; fileRef = 310427B4281459DD00879B9C /* SceneDelegate.swift */; };
		310427B7281459DD00879B9C /* ViewController.swift in Sources */ = {isa = PBXBuildFile; fileRef = 310427B6281459DD00879B9C /* ViewController.swift */; };
		310427BA281459DD00879B9C /* Main.storyboard in Resources */ = {isa = PBXBuildFile; fileRef = 310427B8281459DD00879B9C /* Main.storyboard */; };
		310427BC281459DF00879B9C /* Assets.xcassets in Resources */ = {isa = PBXBuildFile; fileRef = 310427BB281459DF00879B9C /* Assets.xcassets */; };
		310427BF281459DF00879B9C /* LaunchScreen.storyboard in Resources */ = {isa = PBXBuildFile; fileRef = 310427BD281459DF00879B9C /* LaunchScreen.storyboard */; };
		310427DF281462DE00879B9C /* spain@2x.png in Resources */ = {isa = PBXBuildFile; fileRef = 310427C7281462DE00879B9C /* spain@2x.png */; };
		310427E0281462DE00879B9C /* nigeria@2x.png in Resources */ = {isa = PBXBuildFile; fileRef = 310427C8281462DE00879B9C /* nigeria@2x.png */; };
		310427E1281462DE00879B9C /* nigeria@3x.png in Resources */ = {isa = PBXBuildFile; fileRef = 310427C9281462DE00879B9C /* nigeria@3x.png */; };
		310427E2281462DE00879B9C /* spain@3x.png in Resources */ = {isa = PBXBuildFile; fileRef = 310427CA281462DE00879B9C /* spain@3x.png */; };
		310427E3281462DE00879B9C /* italy@3x.png in Resources */ = {isa = PBXBuildFile; fileRef = 310427CB281462DE00879B9C /* italy@3x.png */; };
		310427E4281462DE00879B9C /* ireland@2x.png in Resources */ = {isa = PBXBuildFile; fileRef = 310427CC281462DE00879B9C /* ireland@2x.png */; };
		310427E5281462DE00879B9C /* germany@3x.png in Resources */ = {isa = PBXBuildFile; fileRef = 310427CD281462DE00879B9C /* germany@3x.png */; };
		310427E6281462DE00879B9C /* germany@2x.png in Resources */ = {isa = PBXBuildFile; fileRef = 310427CE281462DE00879B9C /* germany@2x.png */; };
		310427E7281462DE00879B9C /* ireland@3x.png in Resources */ = {isa = PBXBuildFile; fileRef = 310427CF281462DE00879B9C /* ireland@3x.png */; };
		310427E8281462DE00879B9C /* italy@2x.png in Resources */ = {isa = PBXBuildFile; fileRef = 310427D0281462DE00879B9C /* italy@2x.png */; };
		310427E9281462DE00879B9C /* poland@2x.png in Resources */ = {isa = PBXBuildFile; fileRef = 310427D1281462DE00879B9C /* poland@2x.png */; };
		310427EA281462DE00879B9C /* russia@2x.png in Resources */ = {isa = PBXBuildFile; fileRef = 310427D2281462DE00879B9C /* russia@2x.png */; };
		310427EB281462DE00879B9C /* estonia@2x.png in Resources */ = {isa = PBXBuildFile; fileRef = 310427D3281462DE00879B9C /* estonia@2x.png */; };
		310427EC281462DE00879B9C /* estonia@3x.png in Resources */ = {isa = PBXBuildFile; fileRef = 310427D4281462DE00879B9C /* estonia@3x.png */; };
		310427ED281462DE00879B9C /* russia@3x.png in Resources */ = {isa = PBXBuildFile; fileRef = 310427D5281462DE00879B9C /* russia@3x.png */; };
		310427EE281462DE00879B9C /* poland@3x.png in Resources */ = {isa = PBXBuildFile; fileRef = 310427D6281462DE00879B9C /* poland@3x.png */; };
		310427EF281462DE00879B9C /* uk@3x.png in Resources */ = {isa = PBXBuildFile; fileRef = 310427D7281462DE00879B9C /* uk@3x.png */; };
		310427F0281462DE00879B9C /* us@3x.png in Resources */ = {isa = PBXBuildFile; fileRef = 310427D8281462DE00879B9C /* us@3x.png */; };
		310427F1281462DE00879B9C /* france@3x.png in Resources */ = {isa = PBXBuildFile; fileRef = 310427D9281462DE00879B9C /* france@3x.png */; };
		310427F2281462DE00879B9C /* monaco@2x.png in Resources */ = {isa = PBXBuildFile; fileRef = 310427DA281462DE00879B9C /* monaco@2x.png */; };
		310427F3281462DE00879B9C /* monaco@3x.png in Resources */ = {isa = PBXBuildFile; fileRef = 310427DB281462DE00879B9C /* monaco@3x.png */; };
		310427F4281462DE00879B9C /* france@2x.png in Resources */ = {isa = PBXBuildFile; fileRef = 310427DC281462DE00879B9C /* france@2x.png */; };
		310427F5281462DE00879B9C /* us@2x.png in Resources */ = {isa = PBXBuildFile; fileRef = 310427DD281462DE00879B9C /* us@2x.png */; };
		310427F6281462DE00879B9C /* uk@2x.png in Resources */ = {isa = PBXBuildFile; fileRef = 310427DE281462DE00879B9C /* uk@2x.png */; };
		310427F82815217200879B9C /* DetailViewController.swift in Sources */ = {isa = PBXBuildFile; fileRef = 310427F72815217200879B9C /* DetailViewController.swift */; };
/* End PBXBuildFile section */

/* Begin PBXFileReference section */
		310427AF281459DD00879B9C /* world-flags.app */ = {isa = PBXFileReference; explicitFileType = wrapper.application; includeInIndex = 0; path = "world-flags.app"; sourceTree = BUILT_PRODUCTS_DIR; };
		310427B2281459DD00879B9C /* AppDelegate.swift */ = {isa = PBXFileReference; lastKnownFileType = sourcecode.swift; path = AppDelegate.swift; sourceTree = "<group>"; };
		310427B4281459DD00879B9C /* SceneDelegate.swift */ = {isa = PBXFileReference; lastKnownFileType = sourcecode.swift; path = SceneDelegate.swift; sourceTree = "<group>"; };
		310427B6281459DD00879B9C /* ViewController.swift */ = {isa = PBXFileReference; lastKnownFileType = sourcecode.swift; path = ViewController.swift; sourceTree = "<group>"; };
		310427B9281459DD00879B9C /* Base */ = {isa = PBXFileReference; lastKnownFileType = file.storyboard; name = Base; path = Base.lproj/Main.storyboard; sourceTree = "<group>"; };
		310427BB281459DF00879B9C /* Assets.xcassets */ = {isa = PBXFileReference; lastKnownFileType = folder.assetcatalog; path = Assets.xcassets; sourceTree = "<group>"; };
		310427BE281459DF00879B9C /* Base */ = {isa = PBXFileReference; lastKnownFileType = file.storyboard; name = Base; path = Base.lproj/LaunchScreen.storyboard; sourceTree = "<group>"; };
		310427C0281459DF00879B9C /* Info.plist */ = {isa = PBXFileReference; lastKnownFileType = text.plist.xml; path = Info.plist; sourceTree = "<group>"; };
		310427C7281462DE00879B9C /* spain@2x.png */ = {isa = PBXFileReference; lastKnownFileType = image.png; path = "spain@2x.png"; sourceTree = "<group>"; };
		310427C8281462DE00879B9C /* nigeria@2x.png */ = {isa = PBXFileReference; lastKnownFileType = image.png; path = "nigeria@2x.png"; sourceTree = "<group>"; };
		310427C9281462DE00879B9C /* nigeria@3x.png */ = {isa = PBXFileReference; lastKnownFileType = image.png; path = "nigeria@3x.png"; sourceTree = "<group>"; };
		310427CA281462DE00879B9C /* spain@3x.png */ = {isa = PBXFileReference; lastKnownFileType = image.png; path = "spain@3x.png"; sourceTree = "<group>"; };
		310427CB281462DE00879B9C /* italy@3x.png */ = {isa = PBXFileReference; lastKnownFileType = image.png; path = "italy@3x.png"; sourceTree = "<group>"; };
		310427CC281462DE00879B9C /* ireland@2x.png */ = {isa = PBXFileReference; lastKnownFileType = image.png; path = "ireland@2x.png"; sourceTree = "<group>"; };
		310427CD281462DE00879B9C /* germany@3x.png */ = {isa = PBXFileReference; lastKnownFileType = image.png; path = "germany@3x.png"; sourceTree = "<group>"; };
		310427CE281462DE00879B9C /* germany@2x.png */ = {isa = PBXFileReference; lastKnownFileType = image.png; path = "germany@2x.png"; sourceTree = "<group>"; };
		310427CF281462DE00879B9C /* ireland@3x.png */ = {isa = PBXFileReference; lastKnownFileType = image.png; path = "ireland@3x.png"; sourceTree = "<group>"; };
		310427D0281462DE00879B9C /* italy@2x.png */ = {isa = PBXFileReference; lastKnownFileType = image.png; path = "italy@2x.png"; sourceTree = "<group>"; };
		310427D1281462DE00879B9C /* poland@2x.png */ = {isa = PBXFileReference; lastKnownFileType = image.png; path = "poland@2x.png"; sourceTree = "<group>"; };
		310427D2281462DE00879B9C /* russia@2x.png */ = {isa = PBXFileReference; lastKnownFileType = image.png; path = "russia@2x.png"; sourceTree = "<group>"; };
		310427D3281462DE00879B9C /* estonia@2x.png */ = {isa = PBXFileReference; lastKnownFileType = image.png; path = "estonia@2x.png"; sourceTree = "<group>"; };
		310427D4281462DE00879B9C /* estonia@3x.png */ = {isa = PBXFileReference; lastKnownFileType = image.png; path = "estonia@3x.png"; sourceTree = "<group>"; };
		310427D5281462DE00879B9C /* russia@3x.png */ = {isa = PBXFileReference; lastKnownFileType = image.png; path = "russia@3x.png"; sourceTree = "<group>"; };
		310427D6281462DE00879B9C /* poland@3x.png */ = {isa = PBXFileReference; lastKnownFileType = image.png; path = "poland@3x.png"; sourceTree = "<group>"; };
		310427D7281462DE00879B9C /* uk@3x.png */ = {isa = PBXFileReference; lastKnownFileType = image.png; path = "uk@3x.png"; sourceTree = "<group>"; };
		310427D8281462DE00879B9C /* us@3x.png */ = {isa = PBXFileReference; lastKnownFileType = image.png; path = "us@3x.png"; sourceTree = "<group>"; };
		310427D9281462DE00879B9C /* france@3x.png */ = {isa = PBXFileReference; lastKnownFileType = image.png; path = "france@3x.png"; sourceTree = "<group>"; };
		310427DA281462DE00879B9C /* monaco@2x.png */ = {isa = PBXFileReference; lastKnownFileType = image.png; path = "monaco@2x.png"; sourceTree = "<group>"; };
		310427DB281462DE00879B9C /* monaco@3x.png */ = {isa = PBXFileReference; lastKnownFileType = image.png; path = "monaco@3x.png"; sourceTree = "<group>"; };
		310427DC281462DE00879B9C /* france@2x.png */ = {isa = PBXFileReference; lastKnownFileType = image.png; path = "france@2x.png"; sourceTree = "<group>"; };
		310427DD281462DE00879B9C /* us@2x.png */ = {isa = PBXFileReference; lastKnownFileType = image.png; path = "us@2x.png"; sourceTree = "<group>"; };
		310427DE281462DE00879B9C /* uk@2x.png */ = {isa = PBXFileReference; lastKnownFileType = image.png; path = "uk@2x.png"; sourceTree = "<group>"; };
		310427F72815217200879B9C /* DetailViewController.swift */ = {isa = PBXFileReference; lastKnownFileType = sourcecode.swift; path = DetailViewController.swift; sourceTree = "<group>"; };
/* End PBXFileReference section */

/* Begin PBXFrameworksBuildPhase section */
		310427AC281459DD00879B9C /* Frameworks */ = {
			isa = PBXFrameworksBuildPhase;
			buildActionMask = 2147483647;
			files = (
			);
			runOnlyForDeploymentPostprocessing = 0;
		};
/* End PBXFrameworksBuildPhase section */

/* Begin PBXGroup section */
		310427A6281459DD00879B9C = {
			isa = PBXGroup;
			children = (
				310427B1281459DD00879B9C /* world-flags */,
				310427B0281459DD00879B9C /* Products */,
			);
			sourceTree = "<group>";
		};
		310427B0281459DD00879B9C /* Products */ = {
			isa = PBXGroup;
			children = (
				310427AF281459DD00879B9C /* world-flags.app */,
			);
			name = Products;
			sourceTree = "<group>";
		};
		310427B1281459DD00879B9C /* world-flags */ = {
			isa = PBXGroup;
			children = (
				310427B2281459DD00879B9C /* AppDelegate.swift */,
				310427B4281459DD00879B9C /* SceneDelegate.swift */,
				310427B6281459DD00879B9C /* ViewController.swift */,
				310427B8281459DD00879B9C /* Main.storyboard */,
				310427F72815217200879B9C /* DetailViewController.swift */,
				310427BB281459DF00879B9C /* Assets.xcassets */,
				310427BD281459DF00879B9C /* LaunchScreen.storyboard */,
				310427C0281459DF00879B9C /* Info.plist */,
				310427C6281462DE00879B9C /* Contents */,
			);
			path = "world-flags";
			sourceTree = "<group>";
		};
		310427C6281462DE00879B9C /* Contents */ = {
			isa = PBXGroup;
			children = (
				310427C7281462DE00879B9C /* spain@2x.png */,
				310427C8281462DE00879B9C /* nigeria@2x.png */,
				310427C9281462DE00879B9C /* nigeria@3x.png */,
				310427CA281462DE00879B9C /* spain@3x.png */,
				310427CB281462DE00879B9C /* italy@3x.png */,
				310427CC281462DE00879B9C /* ireland@2x.png */,
				310427CD281462DE00879B9C /* germany@3x.png */,
				310427CE281462DE00879B9C /* germany@2x.png */,
				310427CF281462DE00879B9C /* ireland@3x.png */,
				310427D0281462DE00879B9C /* italy@2x.png */,
				310427D1281462DE00879B9C /* poland@2x.png */,
				310427D2281462DE00879B9C /* russia@2x.png */,
				310427D3281462DE00879B9C /* estonia@2x.png */,
				310427D4281462DE00879B9C /* estonia@3x.png */,
				310427D5281462DE00879B9C /* russia@3x.png */,
				310427D6281462DE00879B9C /* poland@3x.png */,
				310427D7281462DE00879B9C /* uk@3x.png */,
				310427D8281462DE00879B9C /* us@3x.png */,
				310427D9281462DE00879B9C /* france@3x.png */,
				310427DA281462DE00879B9C /* monaco@2x.png */,
				310427DB281462DE00879B9C /* monaco@3x.png */,
				310427DC281462DE00879B9C /* france@2x.png */,
				310427DD281462DE00879B9C /* us@2x.png */,
				310427DE281462DE00879B9C /* uk@2x.png */,
			);
			path = Contents;
			sourceTree = SOURCE_ROOT;
		};
/* End PBXGroup section */

/* Begin PBXNativeTarget section */
		310427AE281459DD00879B9C /* world-flags */ = {
			isa = PBXNativeTarget;
			buildConfigurationList = 310427C3281459DF00879B9C /* Build configuration list for PBXNativeTarget "world-flags" */;
			buildPhases = (
				310427AB281459DD00879B9C /* Sources */,
				310427AC281459DD00879B9C /* Frameworks */,
				310427AD281459DD00879B9C /* Resources */,
			);
			buildRules = (
			);
			dependencies = (
			);
			name = "world-flags";
			productName = "world-flags";
			productReference = 310427AF281459DD00879B9C /* world-flags.app */;
			productType = "com.apple.product-type.application";
		};
/* End PBXNativeTarget section */

/* Begin PBXProject section */
		310427A7281459DD00879B9C /* Project object */ = {
			isa = PBXProject;
			attributes = {
				BuildIndependentTargetsInParallel = 1;
				LastSwiftUpdateCheck = 1330;
				LastUpgradeCheck = 1330;
				TargetAttributes = {
					310427AE281459DD00879B9C = {
						CreatedOnToolsVersion = 13.3;
					};
				};
			};
			buildConfigurationList = 310427AA281459DD00879B9C /* Build configuration list for PBXProject "world-flags" */;
			compatibilityVersion = "Xcode 13.0";
			developmentRegion = en;
			hasScannedForEncodings = 0;
			knownRegions = (
				en,
				Base,
			);
			mainGroup = 310427A6281459DD00879B9C;
			productRefGroup = 310427B0281459DD00879B9C /* Products */;
			projectDirPath = "";
			projectRoot = "";
			targets = (
				310427AE281459DD00879B9C /* world-flags */,
			);
		};
/* End PBXProject section */

/* Begin PBXResourcesBuildPhase section */
		310427AD281459DD00879B9C /* Resources */ = {
			isa = PBXResourcesBuildPhase;
			buildActionMask = 2147483647;
			files = (
				310427F3281462DE00879B9C /* monaco@3x.png in Resources */,
				310427E0281462DE00879B9C /* nigeria@2x.png in Resources */,
				310427F5281462DE00879B9C /* us@2x.png in Resources */,
				310427E1281462DE00879B9C /* nigeria@3x.png in Resources */,
				310427EE281462DE00879B9C /* poland@3x.png in Resources */,
				310427EF281462DE00879B9C /* uk@3x.png in Resources */,
				310427F4281462DE00879B9C /* france@2x.png in Resources */,
				310427E8281462DE00879B9C /* italy@2x.png in Resources */,
				310427DF281462DE00879B9C /* spain@2x.png in Resources */,
				310427E5281462DE00879B9C /* germany@3x.png in Resources */,
				310427BF281459DF00879B9C /* LaunchScreen.storyboard in Resources */,
				310427E9281462DE00879B9C /* poland@2x.png in Resources */,
				310427BC281459DF00879B9C /* Assets.xcassets in Resources */,
				310427E3281462DE00879B9C /* italy@3x.png in Resources */,
				310427EC281462DE00879B9C /* estonia@3x.png in Resources */,
				310427F2281462DE00879B9C /* monaco@2x.png in Resources */,
				310427BA281459DD00879B9C /* Main.storyboard in Resources */,
				310427E4281462DE00879B9C /* ireland@2x.png in Resources */,
				310427E6281462DE00879B9C /* germany@2x.png in Resources */,
				310427F0281462DE00879B9C /* us@3x.png in Resources */,
				310427E2281462DE00879B9C /* spain@3x.png in Resources */,
				310427EA281462DE00879B9C /* russia@2x.png in Resources */,
				310427EB281462DE00879B9C /* estonia@2x.png in Resources */,
				310427ED281462DE00879B9C /* russia@3x.png in Resources */,
				310427F6281462DE00879B9C /* uk@2x.png in Resources */,
				310427F1281462DE00879B9C /* france@3x.png in Resources */,
				310427E7281462DE00879B9C /* ireland@3x.png in Resources */,
			);
			runOnlyForDeploymentPostprocessing = 0;
		};
/* End PBXResourcesBuildPhase section */

/* Begin PBXSourcesBuildPhase section */
		310427AB281459DD00879B9C /* Sources */ = {
			isa = PBXSourcesBuildPhase;
			buildActionMask = 2147483647;
			files = (
				310427B7281459DD00879B9C /* ViewController.swift in Sources */,
				310427B3281459DD00879B9C /* AppDelegate.swift in Sources */,
				310427B5281459DD00879B9C /* SceneDelegate.swift in Sources */,
				310427F82815217200879B9C /* DetailViewController.swift in Sources */,
			);
			runOnlyForDeploymentPostprocessing = 0;
		};
/* End PBXSourcesBuildPhase section */

/* Begin PBXVariantGroup section */
		310427B8281459DD00879B9C /* Main.storyboard */ = {
			isa = PBXVariantGroup;
			children = (
				310427B9281459DD00879B9C /* Base */,
			);
			name = Main.storyboard;
			sourceTree = "<group>";
		};
		310427BD281459DF00879B9C /* LaunchScreen.storyboard */ = {
			isa = PBXVariantGroup;
			children = (
				310427BE281459DF00879B9C /* Base */,
			);
			name = LaunchScreen.storyboard;
			sourceTree = "<group>";
		};
/* End PBXVariantGroup section */

/* Begin XCBuildConfiguration section */
		310427C1281459DF00879B9C /* Debug */ = {
			isa = XCBuildConfiguration;
			buildSettings = {
				ALWAYS_SEARCH_USER_PATHS = NO;
				CLANG_ANALYZER_NONNULL = YES;
				CLANG_ANALYZER_NUMBER_OBJECT_CONVERSION = YES_AGGRESSIVE;
				CLANG_CXX_LANGUAGE_STANDARD = "gnu++17";
				CLANG_ENABLE_MODULES = YES;
				CLANG_ENABLE_OBJC_ARC = YES;
				CLANG_ENABLE_OBJC_WEAK = YES;
				CLANG_WARN_BLOCK_CAPTURE_AUTORELEASING = YES;
				CLANG_WARN_BOOL_CONVERSION = YES;
				CLANG_WARN_COMMA = YES;
				CLANG_WARN_CONSTANT_CONVERSION = YES;
				CLANG_WARN_DEPRECATED_OBJC_IMPLEMENTATIONS = YES;
				CLANG_WARN_DIRECT_OBJC_ISA_USAGE = YES_ERROR;
				CLANG_WARN_DOCUMENTATION_COMMENTS = YES;
				CLANG_WARN_EMPTY_BODY = YES;
				CLANG_WARN_ENUM_CONVERSION = YES;
				CLANG_WARN_INFINITE_RECURSION = YES;
				CLANG_WARN_INT_CONVERSION = YES;
				CLANG_WARN_NON_LITERAL_NULL_CONVERSION = YES;
				CLANG_WARN_OBJC_IMPLICIT_RETAIN_SELF = YES;
				CLANG_WARN_OBJC_LITERAL_CONVERSION = YES;
				CLANG_WARN_OBJC_ROOT_CLASS = YES_ERROR;
				CLANG_WARN_QUOTED_INCLUDE_IN_FRAMEWORK_HEADER = YES;
				CLANG_WARN_RANGE_LOOP_ANALYSIS = YES;
				CLANG_WARN_STRICT_PROTOTYPES = YES;
				CLANG_WARN_SUSPICIOUS_MOVE = YES;
				CLANG_WARN_UNGUARDED_AVAILABILITY = YES_AGGRESSIVE;
				CLANG_WARN_UNREACHABLE_CODE = YES;
				CLANG_WARN__DUPLICATE_METHOD_MATCH = YES;
				COPY_PHASE_STRIP = NO;
				DEBUG_INFORMATION_FORMAT = dwarf;
				ENABLE_STRICT_OBJC_MSGSEND = YES;
				ENABLE_TESTABILITY = YES;
				GCC_C_LANGUAGE_STANDARD = gnu11;
				GCC_DYNAMIC_NO_PIC = NO;
				GCC_NO_COMMON_BLOCKS = YES;
				GCC_OPTIMIZATION_LEVEL = 0;
				GCC_PREPROCESSOR_DEFINITIONS = (
					"DEBUG=1",
					"$(inherited)",
				);
				GCC_WARN_64_TO_32_BIT_CONVERSION = YES;
				GCC_WARN_ABOUT_RETURN_TYPE = YES_ERROR;
				GCC_WARN_UNDECLARED_SELECTOR = YES;
				GCC_WARN_UNINITIALIZED_AUTOS = YES_AGGRESSIVE;
				GCC_WARN_UNUSED_FUNCTION = YES;
				GCC_WARN_UNUSED_VARIABLE = YES;
				IPHONEOS_DEPLOYMENT_TARGET = 15.4;
				MTL_ENABLE_DEBUG_INFO = INCLUDE_SOURCE;
				MTL_FAST_MATH = YES;
				ONLY_ACTIVE_ARCH = YES;
				SDKROOT = iphoneos;
				SWIFT_ACTIVE_COMPILATION_CONDITIONS = DEBUG;
				SWIFT_OPTIMIZATION_LEVEL = "-Onone";
			};
			name = Debug;
		};
		310427C2281459DF00879B9C /* Release */ = {
			isa = XCBuildConfiguration;
			buildSettings = {
				ALWAYS_SEARCH_USER_PATHS = NO;
				CLANG_ANALYZER_NONNULL = YES;
				CLANG_ANALYZER_NUMBER_OBJECT_CONVERSION = YES_AGGRESSIVE;
				CLANG_CXX_LANGUAGE_STANDARD = "gnu++17";
				CLANG_ENABLE_MODULES = YES;
				CLANG_ENABLE_OBJC_ARC = YES;
				CLANG_ENABLE_OBJC_WEAK = YES;
				CLANG_WARN_BLOCK_CAPTURE_AUTORELEASING = YES;
				CLANG_WARN_BOOL_CONVERSION = YES;
				CLANG_WARN_COMMA = YES;
				CLANG_WARN_CONSTANT_CONVERSION = YES;
				CLANG_WARN_DEPRECATED_OBJC_IMPLEMENTATIONS = YES;
				CLANG_WARN_DIRECT_OBJC_ISA_USAGE = YES_ERROR;
				CLANG_WARN_DOCUMENTATION_COMMENTS = YES;
				CLANG_WARN_EMPTY_BODY = YES;
				CLANG_WARN_ENUM_CONVERSION = YES;
				CLANG_WARN_INFINITE_RECURSION = YES;
				CLANG_WARN_INT_CONVERSION = YES;
				CLANG_WARN_NON_LITERAL_NULL_CONVERSION = YES;
				CLANG_WARN_OBJC_IMPLICIT_RETAIN_SELF = YES;
				CLANG_WARN_OBJC_LITERAL_CONVERSION = YES;
				CLANG_WARN_OBJC_ROOT_CLASS = YES_ERROR;
				CLANG_WARN_QUOTED_INCLUDE_IN_FRAMEWORK_HEADER = YES;
				CLANG_WARN_RANGE_LOOP_ANALYSIS = YES;
				CLANG_WARN_STRICT_PROTOTYPES = YES;
				CLANG_WARN_SUSPICIOUS_MOVE = YES;
				CLANG_WARN_UNGUARDED_AVAILABILITY = YES_AGGRESSIVE;
				CLANG_WARN_UNREACHABLE_CODE = YES;
				CLANG_WARN__DUPLICATE_METHOD_MATCH = YES;
				COPY_PHASE_STRIP = NO;
				DEBUG_INFORMATION_FORMAT = "dwarf-with-dsym";
				ENABLE_NS_ASSERTIONS = NO;
				ENABLE_STRICT_OBJC_MSGSEND = YES;
				GCC_C_LANGUAGE_STANDARD = gnu11;
				GCC_NO_COMMON_BLOCKS = YES;
				GCC_WARN_64_TO_32_BIT_CONVERSION = YES;
				GCC_WARN_ABOUT_RETURN_TYPE = YES_ERROR;
				GCC_WARN_UNDECLARED_SELECTOR = YES;
				GCC_WARN_UNINITIALIZED_AUTOS = YES_AGGRESSIVE;
				GCC_WARN_UNUSED_FUNCTION = YES;
				GCC_WARN_UNUSED_VARIABLE = YES;
				IPHONEOS_DEPLOYMENT_TARGET = 15.4;
				MTL_ENABLE_DEBUG_INFO = NO;
				MTL_FAST_MATH = YES;
				SDKROOT = iphoneos;
				SWIFT_COMPILATION_MODE = wholemodule;
				SWIFT_OPTIMIZATION_LEVEL = "-O";
				VALIDATE_PRODUCT = YES;
			};
			name = Release;
		};
		310427C4281459DF00879B9C /* Debug */ = {
			isa = XCBuildConfiguration;
			buildSettings = {
				ASSETCATALOG_COMPILER_APPICON_NAME = AppIcon;
				ASSETCATALOG_COMPILER_GLOBAL_ACCENT_COLOR_NAME = AccentColor;
				CODE_SIGN_STYLE = Automatic;
				CURRENT_PROJECT_VERSION = 1;
				DEVELOPMENT_TEAM = K79BRFXPP9;
				GENERATE_INFOPLIST_FILE = YES;
				INFOPLIST_FILE = "world-flags/Info.plist";
				INFOPLIST_KEY_UIApplicationSupportsIndirectInputEvents = YES;
				INFOPLIST_KEY_UILaunchStoryboardName = LaunchScreen;
				INFOPLIST_KEY_UIMainStoryboardFile = Main;
				INFOPLIST_KEY_UISupportedInterfaceOrientations_iPad = "UIInterfaceOrientationPortrait UIInterfaceOrientationPortraitUpsideDown UIInterfaceOrientationLandscapeLeft UIInterfaceOrientationLandscapeRight";
				INFOPLIST_KEY_UISupportedInterfaceOrientations_iPhone = "UIInterfaceOrientationPortrait UIInterfaceOrientationLandscapeLeft UIInterfaceOrientationLandscapeRight";
				LD_RUNPATH_SEARCH_PATHS = (
					"$(inherited)",
					"@executable_path/Frameworks",
				);
				MARKETING_VERSION = 1.0;
				PRODUCT_BUNDLE_IDENTIFIER = "com.nozhana.sample-code.world-flags";
				PRODUCT_NAME = "$(TARGET_NAME)";
				SWIFT_EMIT_LOC_STRINGS = YES;
				SWIFT_VERSION = 5.0;
				TARGETED_DEVICE_FAMILY = "1,2";
			};
			name = Debug;
		};
		310427C5281459DF00879B9C /* Release */ = {
			isa = XCBuildConfiguration;
			buildSettings = {
				ASSETCATALOG_COMPILER_APPICON_NAME = AppIcon;
				ASSETCATALOG_COMPILER_GLOBAL_ACCENT_COLOR_NAME = AccentColor;
				CODE_SIGN_STYLE = Automatic;
				CURRENT_PROJECT_VERSION = 1;
				DEVELOPMENT_TEAM = K79BRFXPP9;
				GENERATE_INFOPLIST_FILE = YES;
				INFOPLIST_FILE = "world-flags/Info.plist";
				INFOPLIST_KEY_UIApplicationSupportsIndirectInputEvents = YES;
				INFOPLIST_KEY_UILaunchStoryboardName = LaunchScreen;
				INFOPLIST_KEY_UIMainStoryboardFile = Main;
				INFOPLIST_KEY_UISupportedInterfaceOrientations_iPad = "UIInterfaceOrientationPortrait UIInterfaceOrientationPortraitUpsideDown UIInterfaceOrientationLandscapeLeft UIInterfaceOrientationLandscapeRight";
				INFOPLIST_KEY_UISupportedInterfaceOrientations_iPhone = "UIInterfaceOrientationPortrait UIInterfaceOrientationLandscapeLeft UIInterfaceOrientationLandscapeRight";
				LD_RUNPATH_SEARCH_PATHS = (
					"$(inherited)",
					"@executable_path/Frameworks",
				);
				MARKETING_VERSION = 1.0;
				PRODUCT_BUNDLE_IDENTIFIER = "com.nozhana.sample-code.world-flags";
				PRODUCT_NAME = "$(TARGET_NAME)";
				SWIFT_EMIT_LOC_STRINGS = YES;
				SWIFT_VERSION = 5.0;
				TARGETED_DEVICE_FAMILY = "1,2";
			};
			name = Release;
		};
/* End XCBuildConfiguration section */

/* Begin XCConfigurationList section */
		310427AA281459DD00879B9C /* Build configuration list for PBXProject "world-flags" */ = {
			isa = XCConfigurationList;
			buildConfigurations = (
				310427C1281459DF00879B9C /* Debug */,
				310427C2281459DF00879B9C /* Release */,
			);
			defaultConfigurationIsVisible = 0;
			defaultConfigurationName = Release;
		};
		310427C3281459DF00879B9C /* Build configuration list for PBXNativeTarget "world-flags" */ = {
			isa = XCConfigurationList;
			buildConfigurations = (
				310427C4281459DF00879B9C /* Debug */,
				310427C5281459DF00879B9C /* Release */,
			);
			defaultConfigurationIsVisible = 0;
			defaultConfigurationName = Release;
		};
/* End XCConfigurationList section */
	};
	rootObject = 310427A7281459DD00879B9C /* Project object */;
}
